
Microsoft Visual Studio Solution File, Format Version 12.00
# Visual Studio Version 16
VisualStudioVersion = 16.0.30204.135
MinimumVisualStudioVersion = 10.0.40219.1
Project("{FAE04EC0-301F-11D3-BF4B-00C04F79EFBC}") = "viselitsa", "viselitsa\viselitsa.csproj", "{99000C52-FA68-4069-B15A-93B5D536E464}"
EndProject
Global
	GlobalSection(SolutionConfigurationPlatforms) = preSolution
		Debug|Any CPU = Debug|Any CPU
		Release|Any CPU = Release|Any CPU
	EndGlobalSection
	GlobalSection(ProjectConfigurationPlatforms) = postSolution
		{99000C52-FA68-4069-B15A-93B5D536E464}.Debug|Any CPU.ActiveCfg = Debug|Any CPU
		{99000C52-FA68-4069-B15A-93B5D536E464}.Debug|Any CPU.Build.0 = Debug|Any CPU
		{99000C52-FA68-4069-B15A-93B5D536E464}.Release|Any CPU.ActiveCfg = Release|Any CPU
		{99000C52-FA68-4069-B15A-93B5D536E464}.Release|Any CPU.Build.0 = Release|Any CPU
	EndGlobalSection
	GlobalSection(SolutionProperties) = preSolution
		HideSolutionNode = FALSE
	EndGlobalSection
	GlobalSection(ExtensibilityGlobals) = postSolution
		SolutionGuid = {936C7EE5-F73F-4C38-8660-FC0745C3725B}
	EndGlobalSection
EndGlobal
